// !$*UTF8*$!
{
	archiveVersion = 1;
	classes = {
	};
	objectVersion = 46;
	objects = {

/* Begin PBXBuildFile section */
		BF1B7A0E1CE2FCEC00AFE8C8 /* libassimp.3.2.0.dylib in Frameworks */ = {isa = PBXBuildFile; fileRef = BF1B7A0D1CE2FCEC00AFE8C8 /* libassimp.3.2.0.dylib */; };
		BF52374E1CEA210A00261769 /* libAntTweakBar.a in Frameworks */ = {isa = PBXBuildFile; fileRef = BF52374D1CEA210A00261769 /* libAntTweakBar.a */; };
		BFE07C791CE23FF2004F52CD /* libglfw3.3.1.dylib in Frameworks */ = {isa = PBXBuildFile; fileRef = BFE07C771CE23FF2004F52CD /* libglfw3.3.1.dylib */; };
		BFE07C7B1CE2400C004F52CD /* OpenGL.framework in Frameworks */ = {isa = PBXBuildFile; fileRef = BFE07C7A1CE2400C004F52CD /* OpenGL.framework */; };
		BFFF94C31D82F89A002B4EBB /* Camera.cpp in Sources */ = {isa = PBXBuildFile; fileRef = BFFF94A71D82F89A002B4EBB /* Camera.cpp */; };
		BFFF94C41D82F89A002B4EBB /* GameObject.cpp in Sources */ = {isa = PBXBuildFile; fileRef = BFFF94AA1D82F89A002B4EBB /* GameObject.cpp */; };
		BFFF94C51D82F89A002B4EBB /* GLError.cpp in Sources */ = {isa = PBXBuildFile; fileRef = BFFF94AD1D82F89A002B4EBB /* GLError.cpp */; };
		BFFF94C71D82F89A002B4EBB /* GUI.cpp in Sources */ = {isa = PBXBuildFile; fileRef = BFFF94B01D82F89A002B4EBB /* GUI.cpp */; };
		BFFF94C81D82F89A002B4EBB /* Input.cpp in Sources */ = {isa = PBXBuildFile; fileRef = BFFF94B21D82F89A002B4EBB /* Input.cpp */; };
		BFFF94C91D82F89A002B4EBB /* Log.cpp in Sources */ = {isa = PBXBuildFile; fileRef = BFFF94B51D82F89A002B4EBB /* Log.cpp */; };
		BFFF94CA1D82F89A002B4EBB /* main.cpp in Sources */ = {isa = PBXBuildFile; fileRef = BFFF94B71D82F89A002B4EBB /* main.cpp */; };
		BFFF94CB1D82F89A002B4EBB /* Model.cpp in Sources */ = {isa = PBXBuildFile; fileRef = BFFF94B81D82F89A002B4EBB /* Model.cpp */; };
		BFFF94CC1D82F89A002B4EBB /* RenderSystem.cpp in Sources */ = {isa = PBXBuildFile; fileRef = BFFF94BA1D82F89A002B4EBB /* RenderSystem.cpp */; };
		BFFF94CD1D82F89A002B4EBB /* Shader.cpp in Sources */ = {isa = PBXBuildFile; fileRef = BFFF94BD1D82F89A002B4EBB /* Shader.cpp */; };
		BFFF94CE1D82F89A002B4EBB /* Texture.cpp in Sources */ = {isa = PBXBuildFile; fileRef = BFFF94BF1D82F89A002B4EBB /* Texture.cpp */; };
		BFFF94CF1D82F89A002B4EBB /* Transform.cpp in Sources */ = {isa = PBXBuildFile; fileRef = BFFF94C11D82F89A002B4EBB /* Transform.cpp */; };
		BFFF94D51D82FC1C002B4EBB /* libGLEW.a in Frameworks */ = {isa = PBXBuildFile; fileRef = BFFF94D41D82FC1C002B4EBB /* libGLEW.a */; };
		BFFF94D81D8325AC002B4EBB /* Time.cpp in Sources */ = {isa = PBXBuildFile; fileRef = BFFF94D61D8325AC002B4EBB /* Time.cpp */; };
/* End PBXBuildFile section */

/* Begin PBXCopyFilesBuildPhase section */
		BFE07C681CE23F3E004F52CD /* CopyFiles */ = {
			isa = PBXCopyFilesBuildPhase;
			buildActionMask = 2147483647;
			dstPath = /usr/share/man/man1/;
			dstSubfolderSpec = 0;
			files = (
			);
			runOnlyForDeploymentPostprocessing = 1;
		};
/* End PBXCopyFilesBuildPhase section */

/* Begin PBXFileReference section */
		BF1B7A0D1CE2FCEC00AFE8C8 /* libassimp.3.2.0.dylib */ = {isa = PBXFileReference; lastKnownFileType = "compiled.mach-o.dylib"; name = libassimp.3.2.0.dylib; path = ../../../../../usr/local/Cellar/assimp/3.2/lib/libassimp.3.2.0.dylib; sourceTree = "<group>"; };
		BF52374D1CEA210A00261769 /* libAntTweakBar.a */ = {isa = PBXFileReference; lastKnownFileType = archive.ar; name = libAntTweakBar.a; path = /usr/local/Cellar/anttweakbar/1.16/lib/libAntTweakBar.a; sourceTree = "<absolute>"; };
		BFE07C6A1CE23F3E004F52CD /* PRT */ = {isa = PBXFileReference; explicitFileType = "compiled.mach-o.executable"; includeInIndex = 0; path = PRT; sourceTree = BUILT_PRODUCTS_DIR; };
		BFE07C771CE23FF2004F52CD /* libglfw3.3.1.dylib */ = {isa = PBXFileReference; lastKnownFileType = "compiled.mach-o.dylib"; name = libglfw3.3.1.dylib; path = /usr/local/Cellar/glfw3/3.1.2/lib/libglfw3.3.1.dylib; sourceTree = "<absolute>"; };
		BFE07C7A1CE2400C004F52CD /* OpenGL.framework */ = {isa = PBXFileReference; lastKnownFileType = wrapper.framework; name = OpenGL.framework; path = System/Library/Frameworks/OpenGL.framework; sourceTree = SDKROOT; };
		BFFF94A51D82F89A002B4EBB /* App.hpp */ = {isa = PBXFileReference; fileEncoding = 4; lastKnownFileType = sourcecode.cpp.h; name = App.hpp; path = ../sources/App.hpp; sourceTree = "<group>"; };
		BFFF94A61D82F89A002B4EBB /* Behavior.hpp */ = {isa = PBXFileReference; fileEncoding = 4; lastKnownFileType = sourcecode.cpp.h; name = Behavior.hpp; path = ../sources/Behavior.hpp; sourceTree = "<group>"; };
		BFFF94A71D82F89A002B4EBB /* Camera.cpp */ = {isa = PBXFileReference; fileEncoding = 4; lastKnownFileType = sourcecode.cpp.cpp; name = Camera.cpp; path = ../sources/Camera.cpp; sourceTree = "<group>"; };
		BFFF94A81D82F89A002B4EBB /* Camera.hpp */ = {isa = PBXFileReference; fileEncoding = 4; lastKnownFileType = sourcecode.cpp.h; name = Camera.hpp; path = ../sources/Camera.hpp; sourceTree = "<group>"; };
		BFFF94A91D82F89A002B4EBB /* Component.hpp */ = {isa = PBXFileReference; fileEncoding = 4; lastKnownFileType = sourcecode.cpp.h; name = Component.hpp; path = ../sources/Component.hpp; sourceTree = "<group>"; };
		BFFF94AA1D82F89A002B4EBB /* GameObject.cpp */ = {isa = PBXFileReference; fileEncoding = 4; lastKnownFileType = sourcecode.cpp.cpp; name = GameObject.cpp; path = ../sources/GameObject.cpp; sourceTree = "<group>"; };
		BFFF94AB1D82F89A002B4EBB /* GameObject.hpp */ = {isa = PBXFileReference; fileEncoding = 4; lastKnownFileType = sourcecode.cpp.h; name = GameObject.hpp; path = ../sources/GameObject.hpp; sourceTree = "<group>"; };
		BFFF94AD1D82F89A002B4EBB /* GLError.cpp */ = {isa = PBXFileReference; fileEncoding = 4; lastKnownFileType = sourcecode.cpp.cpp; name = GLError.cpp; path = ../sources/GLError.cpp; sourceTree = "<group>"; };
		BFFF94AE1D82F89A002B4EBB /* GLError.hpp */ = {isa = PBXFileReference; fileEncoding = 4; lastKnownFileType = sourcecode.cpp.h; name = GLError.hpp; path = ../sources/GLError.hpp; sourceTree = "<group>"; };
		BFFF94B01D82F89A002B4EBB /* GUI.cpp */ = {isa = PBXFileReference; fileEncoding = 4; lastKnownFileType = sourcecode.cpp.cpp; name = GUI.cpp; path = ../sources/GUI.cpp; sourceTree = "<group>"; };
		BFFF94B11D82F89A002B4EBB /* GUI.hpp */ = {isa = PBXFileReference; fileEncoding = 4; lastKnownFileType = sourcecode.cpp.h; name = GUI.hpp; path = ../sources/GUI.hpp; sourceTree = "<group>"; };
		BFFF94B21D82F89A002B4EBB /* Input.cpp */ = {isa = PBXFileReference; fileEncoding = 4; lastKnownFileType = sourcecode.cpp.cpp; name = Input.cpp; path = ../sources/Input.cpp; sourceTree = "<group>"; };
		BFFF94B31D82F89A002B4EBB /* Input.hpp */ = {isa = PBXFileReference; fileEncoding = 4; lastKnownFileType = sourcecode.cpp.h; name = Input.hpp; path = ../sources/Input.hpp; sourceTree = "<group>"; };
		BFFF94B41D82F89A002B4EBB /* IRunable.hpp */ = {isa = PBXFileReference; fileEncoding = 4; lastKnownFileType = sourcecode.cpp.h; name = IRunable.hpp; path = ../sources/IRunable.hpp; sourceTree = "<group>"; };
		BFFF94B51D82F89A002B4EBB /* Log.cpp */ = {isa = PBXFileReference; fileEncoding = 4; lastKnownFileType = sourcecode.cpp.cpp; name = Log.cpp; path = ../sources/Log.cpp; sourceTree = "<group>"; };
		BFFF94B61D82F89A002B4EBB /* Log.hpp */ = {isa = PBXFileReference; fileEncoding = 4; lastKnownFileType = sourcecode.cpp.h; name = Log.hpp; path = ../sources/Log.hpp; sourceTree = "<group>"; };
		BFFF94B71D82F89A002B4EBB /* main.cpp */ = {isa = PBXFileReference; fileEncoding = 4; lastKnownFileType = sourcecode.cpp.cpp; name = main.cpp; path = ../sources/main.cpp; sourceTree = "<group>"; };
		BFFF94B81D82F89A002B4EBB /* Model.cpp */ = {isa = PBXFileReference; fileEncoding = 4; lastKnownFileType = sourcecode.cpp.cpp; name = Model.cpp; path = ../sources/Model.cpp; sourceTree = "<group>"; };
		BFFF94B91D82F89A002B4EBB /* Model.hpp */ = {isa = PBXFileReference; fileEncoding = 4; lastKnownFileType = sourcecode.cpp.h; name = Model.hpp; path = ../sources/Model.hpp; sourceTree = "<group>"; };
		BFFF94BA1D82F89A002B4EBB /* RenderSystem.cpp */ = {isa = PBXFileReference; fileEncoding = 4; lastKnownFileType = sourcecode.cpp.cpp; name = RenderSystem.cpp; path = ../sources/RenderSystem.cpp; sourceTree = "<group>"; };
		BFFF94BB1D82F89A002B4EBB /* RenderSystem.hpp */ = {isa = PBXFileReference; fileEncoding = 4; lastKnownFileType = sourcecode.cpp.h; name = RenderSystem.hpp; path = ../sources/RenderSystem.hpp; sourceTree = "<group>"; };
		BFFF94BC1D82F89A002B4EBB /* RFGL.hpp */ = {isa = PBXFileReference; fileEncoding = 4; lastKnownFileType = sourcecode.cpp.h; name = RFGL.hpp; path = ../sources/RFGL.hpp; sourceTree = "<group>"; };
		BFFF94BD1D82F89A002B4EBB /* Shader.cpp */ = {isa = PBXFileReference; fileEncoding = 4; lastKnownFileType = sourcecode.cpp.cpp; name = Shader.cpp; path = ../sources/Shader.cpp; sourceTree = "<group>"; };
		BFFF94BE1D82F89A002B4EBB /* Shader.hpp */ = {isa = PBXFileReference; fileEncoding = 4; lastKnownFileType = sourcecode.cpp.h; name = Shader.hpp; path = ../sources/Shader.hpp; sourceTree = "<group>"; };
		BFFF94BF1D82F89A002B4EBB /* Texture.cpp */ = {isa = PBXFileReference; fileEncoding = 4; lastKnownFileType = sourcecode.cpp.cpp; name = Texture.cpp; path = ../sources/Texture.cpp; sourceTree = "<group>"; };
		BFFF94C01D82F89A002B4EBB /* Texture.hpp */ = {isa = PBXFileReference; fileEncoding = 4; lastKnownFileType = sourcecode.cpp.h; name = Texture.hpp; path = ../sources/Texture.hpp; sourceTree = "<group>"; };
		BFFF94C11D82F89A002B4EBB /* Transform.cpp */ = {isa = PBXFileReference; fileEncoding = 4; lastKnownFileType = sourcecode.cpp.cpp; name = Transform.cpp; path = ../sources/Transform.cpp; sourceTree = "<group>"; };
		BFFF94C21D82F89A002B4EBB /* Transform.hpp */ = {isa = PBXFileReference; fileEncoding = 4; lastKnownFileType = sourcecode.cpp.h; name = Transform.hpp; path = ../sources/Transform.hpp; sourceTree = "<group>"; };
		BFFF94D41D82FC1C002B4EBB /* libGLEW.a */ = {isa = PBXFileReference; lastKnownFileType = archive.ar; name = libGLEW.a; path = ../../../../../../usr/local/Cellar/glew/2.0.0/lib/libGLEW.a; sourceTree = "<group>"; };
		BFFF94D61D8325AC002B4EBB /* Time.cpp */ = {isa = PBXFileReference; fileEncoding = 4; lastKnownFileType = sourcecode.cpp.cpp; name = Time.cpp; path = ../sources/Time.cpp; sourceTree = "<group>"; };
		BFFF94D71D8325AC002B4EBB /* Time.hpp */ = {isa = PBXFileReference; fileEncoding = 4; lastKnownFileType = sourcecode.cpp.h; name = Time.hpp; path = ../sources/Time.hpp; sourceTree = "<group>"; };
/* End PBXFileReference section */

/* Begin PBXFrameworksBuildPhase section */
		BFE07C671CE23F3E004F52CD /* Frameworks */ = {
			isa = PBXFrameworksBuildPhase;
			buildActionMask = 2147483647;
			files = (
				BFFF94D51D82FC1C002B4EBB /* libGLEW.a in Frameworks */,
				BFE07C7B1CE2400C004F52CD /* OpenGL.framework in Frameworks */,
				BFE07C791CE23FF2004F52CD /* libglfw3.3.1.dylib in Frameworks */,
				BF1B7A0E1CE2FCEC00AFE8C8 /* libassimp.3.2.0.dylib in Frameworks */,
				BF52374E1CEA210A00261769 /* libAntTweakBar.a in Frameworks */,
			);
			runOnlyForDeploymentPostprocessing = 0;
		};
/* End PBXFrameworksBuildPhase section */

/* Begin PBXGroup section */
		BFE07C611CE23F3E004F52CD = {
			isa = PBXGroup;
			children = (
				BFFF94B71D82F89A002B4EBB /* main.cpp */,
				BFE07C801CE242FA004F52CD /* Sources */,
				BFE07C7C1CE2416E004F52CD /* Framwork */,
				BFE07C6B1CE23F3E004F52CD /* Products */,
			);
			sourceTree = "<group>";
		};
		BFE07C6B1CE23F3E004F52CD /* Products */ = {
			isa = PBXGroup;
			children = (
				BFE07C6A1CE23F3E004F52CD /* PRT */,
			);
			name = Products;
			sourceTree = "<group>";
		};
		BFE07C7C1CE2416E004F52CD /* Framwork */ = {
			isa = PBXGroup;
			children = (
				BFFF94D41D82FC1C002B4EBB /* libGLEW.a */,
				BFE07C7A1CE2400C004F52CD /* OpenGL.framework */,
				BF52374D1CEA210A00261769 /* libAntTweakBar.a */,
				BF1B7A0D1CE2FCEC00AFE8C8 /* libassimp.3.2.0.dylib */,
				BFE07C771CE23FF2004F52CD /* libglfw3.3.1.dylib */,
			);
			name = Framwork;
			sourceTree = "<group>";
		};
		BFE07C801CE242FA004F52CD /* Sources */ = {
			isa = PBXGroup;
			children = (
				BFFF94D61D8325AC002B4EBB /* Time.cpp */,
				BFFF94D71D8325AC002B4EBB /* Time.hpp */,
				BFFF94A51D82F89A002B4EBB /* App.hpp */,
				BFFF94A61D82F89A002B4EBB /* Behavior.hpp */,
				BFFF94A71D82F89A002B4EBB /* Camera.cpp */,
				BFFF94A81D82F89A002B4EBB /* Camera.hpp */,
				BFFF94A91D82F89A002B4EBB /* Component.hpp */,
				BFFF94AA1D82F89A002B4EBB /* GameObject.cpp */,
				BFFF94AB1D82F89A002B4EBB /* GameObject.hpp */,
				BFFF94AD1D82F89A002B4EBB /* GLError.cpp */,
				BFFF94AE1D82F89A002B4EBB /* GLError.hpp */,
				BFFF94B01D82F89A002B4EBB /* GUI.cpp */,
				BFFF94B11D82F89A002B4EBB /* GUI.hpp */,
				BFFF94B21D82F89A002B4EBB /* Input.cpp */,
				BFFF94B31D82F89A002B4EBB /* Input.hpp */,
				BFFF94B41D82F89A002B4EBB /* IRunable.hpp */,
				BFFF94B51D82F89A002B4EBB /* Log.cpp */,
				BFFF94B61D82F89A002B4EBB /* Log.hpp */,
				BFFF94B81D82F89A002B4EBB /* Model.cpp */,
				BFFF94B91D82F89A002B4EBB /* Model.hpp */,
				BFFF94BA1D82F89A002B4EBB /* RenderSystem.cpp */,
				BFFF94BB1D82F89A002B4EBB /* RenderSystem.hpp */,
				BFFF94BC1D82F89A002B4EBB /* RFGL.hpp */,
				BFFF94BD1D82F89A002B4EBB /* Shader.cpp */,
				BFFF94BE1D82F89A002B4EBB /* Shader.hpp */,
				BFFF94BF1D82F89A002B4EBB /* Texture.cpp */,
				BFFF94C01D82F89A002B4EBB /* Texture.hpp */,
				BFFF94C11D82F89A002B4EBB /* Transform.cpp */,
				BFFF94C21D82F89A002B4EBB /* Transform.hpp */,
			);
			name = Sources;
			sourceTree = "<group>";
		};
/* End PBXGroup section */

/* Begin PBXNativeTarget section */
		BFE07C691CE23F3E004F52CD /* PRT */ = {
			isa = PBXNativeTarget;
			buildConfigurationList = BFE07C711CE23F3E004F52CD /* Build configuration list for PBXNativeTarget "PRT" */;
			buildPhases = (
				BFE07C661CE23F3E004F52CD /* Sources */,
				BFE07C671CE23F3E004F52CD /* Frameworks */,
				BFE07C681CE23F3E004F52CD /* CopyFiles */,
			);
			buildRules = (
			);
			dependencies = (
			);
			name = PRT;
			productName = PRT;
			productReference = BFE07C6A1CE23F3E004F52CD /* PRT */;
			productType = "com.apple.product-type.tool";
		};
/* End PBXNativeTarget section */

/* Begin PBXProject section */
		BFE07C621CE23F3E004F52CD /* Project object */ = {
			isa = PBXProject;
			attributes = {
				LastUpgradeCheck = 0730;
				ORGANIZATIONNAME = yushroom;
				TargetAttributes = {
					BFE07C691CE23F3E004F52CD = {
						CreatedOnToolsVersion = 7.3.1;
					};
				};
			};
			buildConfigurationList = BFE07C651CE23F3E004F52CD /* Build configuration list for PBXProject "PRT" */;
			compatibilityVersion = "Xcode 3.2";
			developmentRegion = English;
			hasScannedForEncodings = 0;
			knownRegions = (
				en,
			);
			mainGroup = BFE07C611CE23F3E004F52CD;
			productRefGroup = BFE07C6B1CE23F3E004F52CD /* Products */;
			projectDirPath = "";
			projectRoot = "";
			targets = (
				BFE07C691CE23F3E004F52CD /* PRT */,
			);
		};
/* End PBXProject section */

/* Begin PBXSourcesBuildPhase section */
		BFE07C661CE23F3E004F52CD /* Sources */ = {
			isa = PBXSourcesBuildPhase;
			buildActionMask = 2147483647;
			files = (
				BFFF94CC1D82F89A002B4EBB /* RenderSystem.cpp in Sources */,
				BFFF94CB1D82F89A002B4EBB /* Model.cpp in Sources */,
				BFFF94C81D82F89A002B4EBB /* Input.cpp in Sources */,
				BFFF94D81D8325AC002B4EBB /* Time.cpp in Sources */,
				BFFF94C41D82F89A002B4EBB /* GameObject.cpp in Sources */,
				BFFF94C31D82F89A002B4EBB /* Camera.cpp in Sources */,
				BFFF94CF1D82F89A002B4EBB /* Transform.cpp in Sources */,
				BFFF94C91D82F89A002B4EBB /* Log.cpp in Sources */,
				BFFF94CD1D82F89A002B4EBB /* Shader.cpp in Sources */,
				BFFF94C71D82F89A002B4EBB /* GUI.cpp in Sources */,
				BFFF94CE1D82F89A002B4EBB /* Texture.cpp in Sources */,
				BFFF94CA1D82F89A002B4EBB /* main.cpp in Sources */,
				BFFF94C51D82F89A002B4EBB /* GLError.cpp in Sources */,
			);
			runOnlyForDeploymentPostprocessing = 0;
		};
/* End PBXSourcesBuildPhase section */

/* Begin XCBuildConfiguration section */
		BFE07C6F1CE23F3E004F52CD /* Debug */ = {
			isa = XCBuildConfiguration;
			buildSettings = {
				ALWAYS_SEARCH_USER_PATHS = NO;
				CLANG_ANALYZER_NONNULL = YES;
				CLANG_CXX_LANGUAGE_STANDARD = "gnu++0x";
				CLANG_CXX_LIBRARY = "libc++";
				CLANG_ENABLE_MODULES = YES;
				CLANG_ENABLE_OBJC_ARC = YES;
				CLANG_WARN_BOOL_CONVERSION = YES;
				CLANG_WARN_CONSTANT_CONVERSION = YES;
				CLANG_WARN_DIRECT_OBJC_ISA_USAGE = YES_ERROR;
				CLANG_WARN_EMPTY_BODY = YES;
				CLANG_WARN_ENUM_CONVERSION = YES;
				CLANG_WARN_INT_CONVERSION = YES;
				CLANG_WARN_OBJC_ROOT_CLASS = YES_ERROR;
				CLANG_WARN_UNREACHABLE_CODE = YES;
				CLANG_WARN__DUPLICATE_METHOD_MATCH = YES;
				CODE_SIGN_IDENTITY = "-";
				COPY_PHASE_STRIP = NO;
				DEBUG_INFORMATION_FORMAT = dwarf;
				ENABLE_STRICT_OBJC_MSGSEND = YES;
				ENABLE_TESTABILITY = YES;
				GCC_C_LANGUAGE_STANDARD = gnu99;
				GCC_DYNAMIC_NO_PIC = NO;
				GCC_NO_COMMON_BLOCKS = YES;
				GCC_OPTIMIZATION_LEVEL = 0;
				GCC_PREPROCESSOR_DEFINITIONS = (
					"DEBUG=1",
					"$(inherited)",
				);
				GCC_WARN_64_TO_32_BIT_CONVERSION = YES;
				GCC_WARN_ABOUT_RETURN_TYPE = YES_ERROR;
				GCC_WARN_UNDECLARED_SELECTOR = YES;
				GCC_WARN_UNINITIALIZED_AUTOS = YES_AGGRESSIVE;
				GCC_WARN_UNUSED_FUNCTION = YES;
				GCC_WARN_UNUSED_VARIABLE = YES;
				MACOSX_DEPLOYMENT_TARGET = 10.11;
				MTL_ENABLE_DEBUG_INFO = YES;
				ONLY_ACTIVE_ARCH = YES;
				SDKROOT = macosx;
			};
			name = Debug;
		};
		BFE07C701CE23F3E004F52CD /* Release */ = {
			isa = XCBuildConfiguration;
			buildSettings = {
				ALWAYS_SEARCH_USER_PATHS = NO;
				CLANG_ANALYZER_NONNULL = YES;
				CLANG_CXX_LANGUAGE_STANDARD = "gnu++0x";
				CLANG_CXX_LIBRARY = "libc++";
				CLANG_ENABLE_MODULES = YES;
				CLANG_ENABLE_OBJC_ARC = YES;
				CLANG_WARN_BOOL_CONVERSION = YES;
				CLANG_WARN_CONSTANT_CONVERSION = YES;
				CLANG_WARN_DIRECT_OBJC_ISA_USAGE = YES_ERROR;
				CLANG_WARN_EMPTY_BODY = YES;
				CLANG_WARN_ENUM_CONVERSION = YES;
				CLANG_WARN_INT_CONVERSION = YES;
				CLANG_WARN_OBJC_ROOT_CLASS = YES_ERROR;
				CLANG_WARN_UNREACHABLE_CODE = YES;
				CLANG_WARN__DUPLICATE_METHOD_MATCH = YES;
				CODE_SIGN_IDENTITY = "-";
				COPY_PHASE_STRIP = NO;
				DEBUG_INFORMATION_FORMAT = "dwarf-with-dsym";
				ENABLE_NS_ASSERTIONS = NO;
				ENABLE_STRICT_OBJC_MSGSEND = YES;
				GCC_C_LANGUAGE_STANDARD = gnu99;
				GCC_NO_COMMON_BLOCKS = YES;
				GCC_WARN_64_TO_32_BIT_CONVERSION = YES;
				GCC_WARN_ABOUT_RETURN_TYPE = YES_ERROR;
				GCC_WARN_UNDECLARED_SELECTOR = YES;
				GCC_WARN_UNINITIALIZED_AUTOS = YES_AGGRESSIVE;
				GCC_WARN_UNUSED_FUNCTION = YES;
				GCC_WARN_UNUSED_VARIABLE = YES;
				MACOSX_DEPLOYMENT_TARGET = 10.11;
				MTL_ENABLE_DEBUG_INFO = NO;
				SDKROOT = macosx;
			};
			name = Release;
		};
		BFE07C721CE23F3E004F52CD /* Debug */ = {
			isa = XCBuildConfiguration;
			buildSettings = {
				HEADER_SEARCH_PATHS = (
					/usr/local/include,
					../3rdparty,
				);
				LIBRARY_SEARCH_PATHS = (
					"$(inherited)",
					/usr/local/Cellar/glfw3/3.1.2/lib,
					/usr/local/Cellar/assimp/3.2/lib,
					/usr/local/Cellar/anttweakbar/1.16/lib,
					/usr/local/Cellar/glew/2.0.0/lib,
				);
				PRODUCT_NAME = "$(TARGET_NAME)";
			};
			name = Debug;
		};
		BFE07C731CE23F3E004F52CD /* Release */ = {
			isa = XCBuildConfiguration;
			buildSettings = {
				HEADER_SEARCH_PATHS = (
					/usr/local/include,
					../3rdparty,
				);
				LIBRARY_SEARCH_PATHS = (
					"$(inherited)",
					/usr/local/Cellar/glfw3/3.1.2/lib,
					/usr/local/Cellar/assimp/3.2/lib,
					/usr/local/Cellar/anttweakbar/1.16/lib,
					/usr/local/Cellar/glew/2.0.0/lib,
				);
				PRODUCT_NAME = "$(TARGET_NAME)";
			};
			name = Release;
		};
/* End XCBuildConfiguration section */

/* Begin XCConfigurationList section */
		BFE07C651CE23F3E004F52CD /* Build configuration list for PBXProject "PRT" */ = {
			isa = XCConfigurationList;
			buildConfigurations = (
				BFE07C6F1CE23F3E004F52CD /* Debug */,
				BFE07C701CE23F3E004F52CD /* Release */,
			);
			defaultConfigurationIsVisible = 0;
			defaultConfigurationName = Release;
		};
		BFE07C711CE23F3E004F52CD /* Build configuration list for PBXNativeTarget "PRT" */ = {
			isa = XCConfigurationList;
			buildConfigurations = (
				BFE07C721CE23F3E004F52CD /* Debug */,
				BFE07C731CE23F3E004F52CD /* Release */,
			);
			defaultConfigurationIsVisible = 0;
			defaultConfigurationName = Release;
		};
/* End XCConfigurationList section */
	};
	rootObject = BFE07C621CE23F3E004F52CD /* Project object */;
}
